PODS:
  - FMDB (2.7.2):
    - FMDB/standard (= 2.7.2)
  - FMDB/standard (2.7.2)
  - ObjectMapper (3.1.0)
  - Realm (3.0.2):
    - Realm/Headers (= 3.0.2)
  - Realm/Headers (3.0.2)
  - RealmSwift (3.0.2):
    - Realm (= 3.0.2)
  - SwiftLint (0.24.0)

DEPENDENCIES:
  - FMDB
  - ObjectMapper
  - RealmSwift
  - SwiftLint

SPEC CHECKSUMS:
  FMDB: 6198a90e7b6900cfc046e6bc0ef6ebb7be9236aa
  ObjectMapper: 20505058f54e5c3ca69e1d6de9897d152a5369a6
  Realm: 6f23fd1f178a09342eac21bfa7c2bf4312a7a180
  RealmSwift: 695393add1b8f9d5fa75dd16e6355cf3935f71e2
  SwiftLint: a014c92b4664e8b13f380f8640a51bb1733778ba

PODFILE CHECKSUM: e3be01922db1b0696e6e78c8b5bba50dd1882568

COCOAPODS: 1.4.0
